NeoBundleLock DoxygenToolkit.vim afd8663d36d2ec19d26befdb10e89e912d26bbd3
NeoBundleLock iceberg.vim 1740235846c92666fe521e550a27fa47ebe5f5a3
NeoBundleLock jedi-vim e83112f9aab147ab485ee7af72e01d047c5206d3
NeoBundleLock neobundle.vim 1306c131ff0a6cc094b7ff0727350e442b5427f1
NeoBundleLock powerline 3b85be683658685d89ab87ed83a48d9a918bc4ff
NeoBundleLock supertab 40fe711e088e2ab346738233dd5adbb1be355172
NeoBundleLock vim-commentary f8238d70f873969fb41bf6a6b07ca63a4c0b82b1
NeoBundleLock vim-endwise 97180a73ad26e1dcc1eebe8de201f7189eb08344
NeoBundleLock vim-fugitive 85e2c73830b6bb01ce7fc3a926d2b25836a253eb
